
Microsoft Visual Studio Solution File, Format Version 12.00
# Visual Studio Version 17
VisualStudioVersion = 17.5.33516.290
MinimumVisualStudioVersion = 10.0.40219.1
Project("{FAE04EC0-301F-11D3-BF4B-00C04F79EFBC}") = "SqmCertificatoin", "SqmCertificatoin\SqmCertificatoin.csproj", "{90C33F66-408D-4DCD-A163-97317BD21C23}"
EndProject
Global
	GlobalSection(SolutionConfigurationPlatforms) = preSolution
		Debug|Any CPU = Debug|Any CPU
		Release|Any CPU = Release|Any CPU
	EndGlobalSection
	GlobalSection(ProjectConfigurationPlatforms) = postSolution
		{90C33F66-408D-4DCD-A163-97317BD21C23}.Debug|Any CPU.ActiveCfg = Debug|Any CPU
		{90C33F66-408D-4DCD-A163-97317BD21C23}.Debug|Any CPU.Build.0 = Debug|Any CPU
		{90C33F66-408D-4DCD-A163-97317BD21C23}.Release|Any CPU.ActiveCfg = Release|Any CPU
		{90C33F66-408D-4DCD-A163-97317BD21C23}.Release|Any CPU.Build.0 = Release|Any CPU
	EndGlobalSection
	GlobalSection(SolutionProperties) = preSolution
		HideSolutionNode = FALSE
	EndGlobalSection
	GlobalSection(ExtensibilityGlobals) = postSolution
		SolutionGuid = {3A0DC98B-E370-4A9D-99DD-0B286F383F18}
	EndGlobalSection
EndGlobal
